
Microsoft Visual Studio Solution File, Format Version 12.00
# Visual Studio Version 16
VisualStudioVersion = 16.0.29613.14
MinimumVisualStudioVersion = 10.0.40219.1
Project("{9A19103F-16F7-4668-BE54-9A1E7A4F7556}") = "TeamCity.Docker", "TeamCity.Docker\TeamCity.Docker.csproj", "{323F43A3-0CFF-4B46-902E-F112E4597626}"
EndProject
Project("{9A19103F-16F7-4668-BE54-9A1E7A4F7556}") = "TeamCity.Docker.Tests", "TeamCity.Docker.Tests\TeamCity.Docker.Tests.csproj", "{180DCF47-666C-4302-89FA-8AA134E3FCCF}"
EndProject
Global
	GlobalSection(SolutionConfigurationPlatforms) = preSolution
		Debug|Any CPU = Debug|Any CPU
		Release|Any CPU = Release|Any CPU
	EndGlobalSection
	GlobalSection(ProjectConfigurationPlatforms) = postSolution
		{323F43A3-0CFF-4B46-902E-F112E4597626}.Debug|Any CPU.ActiveCfg = Debug|Any CPU
		{323F43A3-0CFF-4B46-902E-F112E4597626}.Debug|Any CPU.Build.0 = Debug|Any CPU
		{323F43A3-0CFF-4B46-902E-F112E4597626}.Release|Any CPU.ActiveCfg = Release|Any CPU
		{323F43A3-0CFF-4B46-902E-F112E4597626}.Release|Any CPU.Build.0 = Release|Any CPU
		{180DCF47-666C-4302-89FA-8AA134E3FCCF}.Debug|Any CPU.ActiveCfg = Debug|Any CPU
		{180DCF47-666C-4302-89FA-8AA134E3FCCF}.Debug|Any CPU.Build.0 = Debug|Any CPU
		{180DCF47-666C-4302-89FA-8AA134E3FCCF}.Release|Any CPU.ActiveCfg = Release|Any CPU
		{180DCF47-666C-4302-89FA-8AA134E3FCCF}.Release|Any CPU.Build.0 = Release|Any CPU
	EndGlobalSection
	GlobalSection(SolutionProperties) = preSolution
		HideSolutionNode = FALSE
	EndGlobalSection
	GlobalSection(ExtensibilityGlobals) = postSolution
		SolutionGuid = {7A0E8F6B-DEAB-4062-8036-E1E1AA76D3F4}
	EndGlobalSection
EndGlobal
